// !$*UTF8*$!
{
	archiveVersion = 1;
	classes = {
	};
	objectVersion = 46;
	objects = {

/* Begin PBXBuildFile section */
		EDC1909B1CFC072D002153D8 /* AppDelegate.swift in Sources */ = {isa = PBXBuildFile; fileRef = EDC1909A1CFC072D002153D8 /* AppDelegate.swift */; };
		EDC1909D1CFC072D002153D8 /* ViewController.swift in Sources */ = {isa = PBXBuildFile; fileRef = EDC1909C1CFC072D002153D8 /* ViewController.swift */; };
		EDC190A01CFC072D002153D8 /* Main.storyboard in Resources */ = {isa = PBXBuildFile; fileRef = EDC1909E1CFC072D002153D8 /* Main.storyboard */; };
		EDC190A21CFC072D002153D8 /* Assets.xcassets in Resources */ = {isa = PBXBuildFile; fileRef = EDC190A11CFC072D002153D8 /* Assets.xcassets */; };
		EDC190A51CFC072D002153D8 /* LaunchScreen.storyboard in Resources */ = {isa = PBXBuildFile; fileRef = EDC190A31CFC072D002153D8 /* LaunchScreen.storyboard */; };
		EDC190AD1CFC0795002153D8 /* ASSlidView.swift in Sources */ = {isa = PBXBuildFile; fileRef = EDC190AC1CFC0795002153D8 /* ASSlidView.swift */; };
/* End PBXBuildFile section */

/* Begin PBXFileReference section */
		EDC190971CFC072D002153D8 /* SlideView.app */ = {isa = PBXFileReference; explicitFileType = wrapper.application; includeInIndex = 0; path = SlideView.app; sourceTree = BUILT_PRODUCTS_DIR; };
		EDC1909A1CFC072D002153D8 /* AppDelegate.swift */ = {isa = PBXFileReference; lastKnownFileType = sourcecode.swift; path = AppDelegate.swift; sourceTree = "<group>"; };
		EDC1909C1CFC072D002153D8 /* ViewController.swift */ = {isa = PBXFileReference; lastKnownFileType = sourcecode.swift; path = ViewController.swift; sourceTree = "<group>"; };
		EDC1909F1CFC072D002153D8 /* Base */ = {isa = PBXFileReference; lastKnownFileType = file.storyboard; name = Base; path = Base.lproj/Main.storyboard; sourceTree = "<group>"; };
		EDC190A11CFC072D002153D8 /* Assets.xcassets */ = {isa = PBXFileReference; lastKnownFileType = folder.assetcatalog; path = Assets.xcassets; sourceTree = "<group>"; };
		EDC190A41CFC072D002153D8 /* Base */ = {isa = PBXFileReference; lastKnownFileType = file.storyboard; name = Base; path = Base.lproj/LaunchScreen.storyboard; sourceTree = "<group>"; };
		EDC190A61CFC072D002153D8 /* Info.plist */ = {isa = PBXFileReference; lastKnownFileType = text.plist.xml; path = Info.plist; sourceTree = "<group>"; };
		EDC190AC1CFC0795002153D8 /* ASSlidView.swift */ = {isa = PBXFileReference; fileEncoding = 4; lastKnownFileType = sourcecode.swift; path = ASSlidView.swift; sourceTree = "<group>"; };
/* End PBXFileReference section */

/* Begin PBXFrameworksBuildPhase section */
		EDC190941CFC072D002153D8 /* Frameworks */ = {
			isa = PBXFrameworksBuildPhase;
			buildActionMask = 2147483647;
			files = (
			);
			runOnlyForDeploymentPostprocessing = 0;
		};
/* End PBXFrameworksBuildPhase section */

/* Begin PBXGroup section */
		EDC1908E1CFC072D002153D8 = {
			isa = PBXGroup;
			children = (
				EDC190991CFC072D002153D8 /* SlideView */,
				EDC190981CFC072D002153D8 /* Products */,
			);
			sourceTree = "<group>";
		};
		EDC190981CFC072D002153D8 /* Products */ = {
			isa = PBXGroup;
			children = (
				EDC190971CFC072D002153D8 /* SlideView.app */,
			);
			name = Products;
			sourceTree = "<group>";
		};
		EDC190991CFC072D002153D8 /* SlideView */ = {
			isa = PBXGroup;
			children = (
				EDC1909A1CFC072D002153D8 /* AppDelegate.swift */,
				EDC1909C1CFC072D002153D8 /* ViewController.swift */,
				EDC190AC1CFC0795002153D8 /* ASSlidView.swift */,
				EDC1909E1CFC072D002153D8 /* Main.storyboard */,
				EDC190A11CFC072D002153D8 /* Assets.xcassets */,
				EDC190A31CFC072D002153D8 /* LaunchScreen.storyboard */,
				EDC190A61CFC072D002153D8 /* Info.plist */,
			);
			path = SlideView;
			sourceTree = "<group>";
		};
/* End PBXGroup section */

/* Begin PBXNativeTarget section */
		EDC190961CFC072D002153D8 /* SlideView */ = {
			isa = PBXNativeTarget;
			buildConfigurationList = EDC190A91CFC072D002153D8 /* Build configuration list for PBXNativeTarget "SlideView" */;
			buildPhases = (
				EDC190931CFC072D002153D8 /* Sources */,
				EDC190941CFC072D002153D8 /* Frameworks */,
				EDC190951CFC072D002153D8 /* Resources */,
			);
			buildRules = (
			);
			dependencies = (
			);
			name = SlideView;
			productName = SlideView;
			productReference = EDC190971CFC072D002153D8 /* SlideView.app */;
			productType = "com.apple.product-type.application";
		};
/* End PBXNativeTarget section */

/* Begin PBXProject section */
		EDC1908F1CFC072D002153D8 /* Project object */ = {
			isa = PBXProject;
			attributes = {
				LastSwiftUpdateCheck = 0730;
				LastUpgradeCheck = 0730;
				ORGANIZATIONNAME = WaveTransition;
				TargetAttributes = {
					EDC190961CFC072D002153D8 = {
						CreatedOnToolsVersion = 7.3.1;
					};
				};
			};
			buildConfigurationList = EDC190921CFC072D002153D8 /* Build configuration list for PBXProject "SlideView" */;
			compatibilityVersion = "Xcode 3.2";
			developmentRegion = English;
			hasScannedForEncodings = 0;
			knownRegions = (
				en,
				Base,
			);
			mainGroup = EDC1908E1CFC072D002153D8;
			productRefGroup = EDC190981CFC072D002153D8 /* Products */;
			projectDirPath = "";
			projectRoot = "";
			targets = (
				EDC190961CFC072D002153D8 /* SlideView */,
			);
		};
/* End PBXProject section */

/* Begin PBXResourcesBuildPhase section */
		EDC190951CFC072D002153D8 /* Resources */ = {
			isa = PBXResourcesBuildPhase;
			buildActionMask = 2147483647;
			files = (
				EDC190A51CFC072D002153D8 /* LaunchScreen.storyboard in Resources */,
				EDC190A21CFC072D002153D8 /* Assets.xcassets in Resources */,
				EDC190A01CFC072D002153D8 /* Main.storyboard in Resources */,
			);
			runOnlyForDeploymentPostprocessing = 0;
		};
/* End PBXResourcesBuildPhase section */

/* Begin PBXSourcesBuildPhase section */
		EDC190931CFC072D002153D8 /* Sources */ = {
			isa = PBXSourcesBuildPhase;
			buildActionMask = 2147483647;
			files = (
				EDC190AD1CFC0795002153D8 /* ASSlidView.swift in Sources */,
				EDC1909D1CFC072D002153D8 /* ViewController.swift in Sources */,
				EDC1909B1CFC072D002153D8 /* AppDelegate.swift in Sources */,
			);
			runOnlyForDeploymentPostprocessing = 0;
		};
/* End PBXSourcesBuildPhase section */

/* Begin PBXVariantGroup section */
		EDC1909E1CFC072D002153D8 /* Main.storyboard */ = {
			isa = PBXVariantGroup;
			children = (
				EDC1909F1CFC072D002153D8 /* Base */,
			);
			name = Main.storyboard;
			sourceTree = "<group>";
		};
		EDC190A31CFC072D002153D8 /* LaunchScreen.storyboard */ = {
			isa = PBXVariantGroup;
			children = (
				EDC190A41CFC072D002153D8 /* Base */,
			);
			name = LaunchScreen.storyboard;
			sourceTree = "<group>";
		};
/* End PBXVariantGroup section */

/* Begin XCBuildConfiguration section */
		EDC190A71CFC072D002153D8 /* Debug */ = {
			isa = XCBuildConfiguration;
			buildSettings = {
				ALWAYS_SEARCH_USER_PATHS = NO;
				CLANG_ANALYZER_NONNULL = YES;
				CLANG_CXX_LANGUAGE_STANDARD = "gnu++0x";
				CLANG_CXX_LIBRARY = "libc++";
				CLANG_ENABLE_MODULES = YES;
				CLANG_ENABLE_OBJC_ARC = YES;
				CLANG_WARN_BOOL_CONVERSION = YES;
				CLANG_WARN_CONSTANT_CONVERSION = YES;
				CLANG_WARN_DIRECT_OBJC_ISA_USAGE = YES_ERROR;
				CLANG_WARN_EMPTY_BODY = YES;
				CLANG_WARN_ENUM_CONVERSION = YES;
				CLANG_WARN_INT_CONVERSION = YES;
				CLANG_WARN_OBJC_ROOT_CLASS = YES_ERROR;
				CLANG_WARN_UNREACHABLE_CODE = YES;
				CLANG_WARN__DUPLICATE_METHOD_MATCH = YES;
				"CODE_SIGN_IDENTITY[sdk=iphoneos*]" = "iPhone Developer";
				COPY_PHASE_STRIP = NO;
				DEBUG_INFORMATION_FORMAT = dwarf;
				ENABLE_STRICT_OBJC_MSGSEND = YES;
				ENABLE_TESTABILITY = YES;
				GCC_C_LANGUAGE_STANDARD = gnu99;
				GCC_DYNAMIC_NO_PIC = NO;
				GCC_NO_COMMON_BLOCKS = YES;
				GCC_OPTIMIZATION_LEVEL = 0;
				GCC_PREPROCESSOR_DEFINITIONS = (
					"DEBUG=1",
					"$(inherited)",
				);
				GCC_WARN_64_TO_32_BIT_CONVERSION = YES;
				GCC_WARN_ABOUT_RETURN_TYPE = YES_ERROR;
				GCC_WARN_UNDECLARED_SELECTOR = YES;
				GCC_WARN_UNINITIALIZED_AUTOS = YES_AGGRESSIVE;
				GCC_WARN_UNUSED_FUNCTION = YES;
				GCC_WARN_UNUSED_VARIABLE = YES;
				IPHONEOS_DEPLOYMENT_TARGET = 9.3;
				MTL_ENABLE_DEBUG_INFO = YES;
				ONLY_ACTIVE_ARCH = YES;
				SDKROOT = iphoneos;
				SWIFT_OPTIMIZATION_LEVEL = "-Onone";
			};
			name = Debug;
		};
		EDC190A81CFC072D002153D8 /* Release */ = {
			isa = XCBuildConfiguration;
			buildSettings = {
				ALWAYS_SEARCH_USER_PATHS = NO;
				CLANG_ANALYZER_NONNULL = YES;
				CLANG_CXX_LANGUAGE_STANDARD = "gnu++0x";
				CLANG_CXX_LIBRARY = "libc++";
				CLANG_ENABLE_MODULES = YES;
				CLANG_ENABLE_OBJC_ARC = YES;
				CLANG_WARN_BOOL_CONVERSION = YES;
				CLANG_WARN_CONSTANT_CONVERSION = YES;
				CLANG_WARN_DIRECT_OBJC_ISA_USAGE = YES_ERROR;
				CLANG_WARN_EMPTY_BODY = YES;
				CLANG_WARN_ENUM_CONVERSION = YES;
				CLANG_WARN_INT_CONVERSION = YES;
				CLANG_WARN_OBJC_ROOT_CLASS = YES_ERROR;
				CLANG_WARN_UNREACHABLE_CODE = YES;
				CLANG_WARN__DUPLICATE_METHOD_MATCH = YES;
				"CODE_SIGN_IDENTITY[sdk=iphoneos*]" = "iPhone Developer";
				COPY_PHASE_STRIP = NO;
				DEBUG_INFORMATION_FORMAT = "dwarf-with-dsym";
				ENABLE_NS_ASSERTIONS = NO;
				ENABLE_STRICT_OBJC_MSGSEND = YES;
				GCC_C_LANGUAGE_STANDARD = gnu99;
				GCC_NO_COMMON_BLOCKS = YES;
				GCC_WARN_64_TO_32_BIT_CONVERSION = YES;
				GCC_WARN_ABOUT_RETURN_TYPE = YES_ERROR;
				GCC_WARN_UNDECLARED_SELECTOR = YES;
				GCC_WARN_UNINITIALIZED_AUTOS = YES_AGGRESSIVE;
				GCC_WARN_UNUSED_FUNCTION = YES;
				GCC_WARN_UNUSED_VARIABLE = YES;
				IPHONEOS_DEPLOYMENT_TARGET = 9.3;
				MTL_ENABLE_DEBUG_INFO = NO;
				SDKROOT = iphoneos;
				VALIDATE_PRODUCT = YES;
			};
			name = Release;
		};
		EDC190AA1CFC072D002153D8 /* Debug */ = {
			isa = XCBuildConfiguration;
			buildSettings = {
				ASSETCATALOG_COMPILER_APPICON_NAME = AppIcon;
				INFOPLIST_FILE = SlideView/Info.plist;
				LD_RUNPATH_SEARCH_PATHS = "$(inherited) @executable_path/Frameworks";
				PRODUCT_BUNDLE_IDENTIFIER = top.limon.SlideView;
				PRODUCT_NAME = "$(TARGET_NAME)";
			};
			name = Debug;
		};
		EDC190AB1CFC072D002153D8 /* Release */ = {
			isa = XCBuildConfiguration;
			buildSettings = {
				ASSETCATALOG_COMPILER_APPICON_NAME = AppIcon;
				INFOPLIST_FILE = SlideView/Info.plist;
				LD_RUNPATH_SEARCH_PATHS = "$(inherited) @executable_path/Frameworks";
				PRODUCT_BUNDLE_IDENTIFIER = top.limon.SlideView;
				PRODUCT_NAME = "$(TARGET_NAME)";
			};
			name = Release;
		};
/* End XCBuildConfiguration section */

/* Begin XCConfigurationList section */
		EDC190921CFC072D002153D8 /* Build configuration list for PBXProject "SlideView" */ = {
			isa = XCConfigurationList;
			buildConfigurations = (
				EDC190A71CFC072D002153D8 /* Debug */,
				EDC190A81CFC072D002153D8 /* Release */,
			);
			defaultConfigurationIsVisible = 0;
			defaultConfigurationName = Release;
		};
		EDC190A91CFC072D002153D8 /* Build configuration list for PBXNativeTarget "SlideView" */ = {
			isa = XCConfigurationList;
			buildConfigurations = (
				EDC190AA1CFC072D002153D8 /* Debug */,
				EDC190AB1CFC072D002153D8 /* Release */,
			);
			defaultConfigurationIsVisible = 0;
		};
/* End XCConfigurationList section */
	};
	rootObject = EDC1908F1CFC072D002153D8 /* Project object */;
}
